
Microsoft Visual Studio Solution File, Format Version 12.00
# Visual Studio Version 17
VisualStudioVersion = 17.10.35027.167
MinimumVisualStudioVersion = 10.0.40219.1
Project("{FAE04EC0-301F-11D3-BF4B-00C04F79EFBC}") = "MovieCatalogNoPOMTests", "MovieCatalogNoPOMTests\MovieCatalogNoPOMTests.csproj", "{FB604589-A09A-416F-8B93-47E9632C0635}"
EndProject
Global
	GlobalSection(SolutionConfigurationPlatforms) = preSolution
		Debug|Any CPU = Debug|Any CPU
		Release|Any CPU = Release|Any CPU
	EndGlobalSection
	GlobalSection(ProjectConfigurationPlatforms) = postSolution
		{FB604589-A09A-416F-8B93-47E9632C0635}.Debug|Any CPU.ActiveCfg = Debug|Any CPU
		{FB604589-A09A-416F-8B93-47E9632C0635}.Debug|Any CPU.Build.0 = Debug|Any CPU
		{FB604589-A09A-416F-8B93-47E9632C0635}.Release|Any CPU.ActiveCfg = Release|Any CPU
		{FB604589-A09A-416F-8B93-47E9632C0635}.Release|Any CPU.Build.0 = Release|Any CPU
	EndGlobalSection
	GlobalSection(SolutionProperties) = preSolution
		HideSolutionNode = FALSE
	EndGlobalSection
	GlobalSection(ExtensibilityGlobals) = postSolution
		SolutionGuid = {C424CD8D-9B83-4923-A97A-F2945359225E}
	EndGlobalSection
EndGlobal
